// !$*UTF8*$!
{
	archiveVersion = 1;
	classes = {
	};
	objectVersion = 46;
	objects = {

/* Begin PBXBuildFile section */
		D257A2F61B98A9EB003F1E43 /* main.m in Sources */ = {isa = PBXBuildFile; fileRef = D257A2F51B98A9EB003F1E43 /* main.m */; };
		D257A2F91B98A9EB003F1E43 /* AppDelegate.m in Sources */ = {isa = PBXBuildFile; fileRef = D257A2F81B98A9EB003F1E43 /* AppDelegate.m */; };
		D257A2FC1B98A9EB003F1E43 /* ViewController.m in Sources */ = {isa = PBXBuildFile; fileRef = D257A2FB1B98A9EB003F1E43 /* ViewController.m */; };
		D257A2FF1B98A9EB003F1E43 /* Main.storyboard in Resources */ = {isa = PBXBuildFile; fileRef = D257A2FD1B98A9EB003F1E43 /* Main.storyboard */; };
		D257A3011B98A9EB003F1E43 /* Images.xcassets in Resources */ = {isa = PBXBuildFile; fileRef = D257A3001B98A9EB003F1E43 /* Images.xcassets */; };
		D257A3041B98A9EB003F1E43 /* LaunchScreen.xib in Resources */ = {isa = PBXBuildFile; fileRef = D257A3021B98A9EB003F1E43 /* LaunchScreen.xib */; };
		D257A3101B98A9EB003F1E43 /* CardSlideTests.m in Sources */ = {isa = PBXBuildFile; fileRef = D257A30F1B98A9EB003F1E43 /* CardSlideTests.m */; };
		D257A31C1B98AA76003F1E43 /* CardView.m in Sources */ = {isa = PBXBuildFile; fileRef = D257A31B1B98AA76003F1E43 /* CardView.m */; };
		D2D0939F1B9C73D100B56937 /* CardView.xib in Resources */ = {isa = PBXBuildFile; fileRef = D2D0939E1B9C73D100B56937 /* CardView.xib */; };
/* End PBXBuildFile section */

/* Begin PBXContainerItemProxy section */
		D257A30A1B98A9EB003F1E43 /* PBXContainerItemProxy */ = {
			isa = PBXContainerItemProxy;
			containerPortal = D257A2E81B98A9EB003F1E43 /* Project object */;
			proxyType = 1;
			remoteGlobalIDString = D257A2EF1B98A9EB003F1E43;
			remoteInfo = CardSlide;
		};
/* End PBXContainerItemProxy section */

/* Begin PBXFileReference section */
		D257A2F01B98A9EB003F1E43 /* CardSlide.app */ = {isa = PBXFileReference; explicitFileType = wrapper.application; includeInIndex = 0; path = CardSlide.app; sourceTree = BUILT_PRODUCTS_DIR; };
		D257A2F41B98A9EB003F1E43 /* Info.plist */ = {isa = PBXFileReference; lastKnownFileType = text.plist.xml; path = Info.plist; sourceTree = "<group>"; };
		D257A2F51B98A9EB003F1E43 /* main.m */ = {isa = PBXFileReference; lastKnownFileType = sourcecode.c.objc; path = main.m; sourceTree = "<group>"; };
		D257A2F71B98A9EB003F1E43 /* AppDelegate.h */ = {isa = PBXFileReference; lastKnownFileType = sourcecode.c.h; path = AppDelegate.h; sourceTree = "<group>"; };
		D257A2F81B98A9EB003F1E43 /* AppDelegate.m */ = {isa = PBXFileReference; lastKnownFileType = sourcecode.c.objc; path = AppDelegate.m; sourceTree = "<group>"; };
		D257A2FA1B98A9EB003F1E43 /* ViewController.h */ = {isa = PBXFileReference; lastKnownFileType = sourcecode.c.h; path = ViewController.h; sourceTree = "<group>"; };
		D257A2FB1B98A9EB003F1E43 /* ViewController.m */ = {isa = PBXFileReference; lastKnownFileType = sourcecode.c.objc; path = ViewController.m; sourceTree = "<group>"; };
		D257A2FE1B98A9EB003F1E43 /* Base */ = {isa = PBXFileReference; lastKnownFileType = file.storyboard; name = Base; path = Base.lproj/Main.storyboard; sourceTree = "<group>"; };
		D257A3001B98A9EB003F1E43 /* Images.xcassets */ = {isa = PBXFileReference; lastKnownFileType = folder.assetcatalog; path = Images.xcassets; sourceTree = "<group>"; };
		D257A3031B98A9EB003F1E43 /* Base */ = {isa = PBXFileReference; lastKnownFileType = file.xib; name = Base; path = Base.lproj/LaunchScreen.xib; sourceTree = "<group>"; };
		D257A3091B98A9EB003F1E43 /* CardSlideTests.xctest */ = {isa = PBXFileReference; explicitFileType = wrapper.cfbundle; includeInIndex = 0; path = CardSlideTests.xctest; sourceTree = BUILT_PRODUCTS_DIR; };
		D257A30E1B98A9EB003F1E43 /* Info.plist */ = {isa = PBXFileReference; lastKnownFileType = text.plist.xml; path = Info.plist; sourceTree = "<group>"; };
		D257A30F1B98A9EB003F1E43 /* CardSlideTests.m */ = {isa = PBXFileReference; lastKnownFileType = sourcecode.c.objc; path = CardSlideTests.m; sourceTree = "<group>"; };
		D257A31A1B98AA76003F1E43 /* CardView.h */ = {isa = PBXFileReference; fileEncoding = 4; lastKnownFileType = sourcecode.c.h; path = CardView.h; sourceTree = "<group>"; };
		D257A31B1B98AA76003F1E43 /* CardView.m */ = {isa = PBXFileReference; fileEncoding = 4; lastKnownFileType = sourcecode.c.objc; path = CardView.m; sourceTree = "<group>"; };
		D2D0939E1B9C73D100B56937 /* CardView.xib */ = {isa = PBXFileReference; fileEncoding = 4; lastKnownFileType = file.xib; path = CardView.xib; sourceTree = "<group>"; };
/* End PBXFileReference section */

/* Begin PBXFrameworksBuildPhase section */
		D257A2ED1B98A9EB003F1E43 /* Frameworks */ = {
			isa = PBXFrameworksBuildPhase;
			buildActionMask = 2147483647;
			files = (
			);
			runOnlyForDeploymentPostprocessing = 0;
		};
		D257A3061B98A9EB003F1E43 /* Frameworks */ = {
			isa = PBXFrameworksBuildPhase;
			buildActionMask = 2147483647;
			files = (
			);
			runOnlyForDeploymentPostprocessing = 0;
		};
/* End PBXFrameworksBuildPhase section */

/* Begin PBXGroup section */
		D257A2E71B98A9EB003F1E43 = {
			isa = PBXGroup;
			children = (
				D257A2F21B98A9EB003F1E43 /* CardSlide */,
				D257A30C1B98A9EB003F1E43 /* CardSlideTests */,
				D257A2F11B98A9EB003F1E43 /* Products */,
			);
			sourceTree = "<group>";
		};
		D257A2F11B98A9EB003F1E43 /* Products */ = {
			isa = PBXGroup;
			children = (
				D257A2F01B98A9EB003F1E43 /* CardSlide.app */,
				D257A3091B98A9EB003F1E43 /* CardSlideTests.xctest */,
			);
			name = Products;
			sourceTree = "<group>";
		};
		D257A2F21B98A9EB003F1E43 /* CardSlide */ = {
			isa = PBXGroup;
			children = (
				D257A3191B98AA51003F1E43 /* View */,
				D257A2F71B98A9EB003F1E43 /* AppDelegate.h */,
				D257A2F81B98A9EB003F1E43 /* AppDelegate.m */,
				D257A2FA1B98A9EB003F1E43 /* ViewController.h */,
				D257A2FB1B98A9EB003F1E43 /* ViewController.m */,
				D257A2FD1B98A9EB003F1E43 /* Main.storyboard */,
				D257A3001B98A9EB003F1E43 /* Images.xcassets */,
				D257A3021B98A9EB003F1E43 /* LaunchScreen.xib */,
				D257A2F31B98A9EB003F1E43 /* Supporting Files */,
			);
			path = CardSlide;
			sourceTree = "<group>";
		};
		D257A2F31B98A9EB003F1E43 /* Supporting Files */ = {
			isa = PBXGroup;
			children = (
				D257A2F41B98A9EB003F1E43 /* Info.plist */,
				D257A2F51B98A9EB003F1E43 /* main.m */,
			);
			name = "Supporting Files";
			sourceTree = "<group>";
		};
		D257A30C1B98A9EB003F1E43 /* CardSlideTests */ = {
			isa = PBXGroup;
			children = (
				D257A30F1B98A9EB003F1E43 /* CardSlideTests.m */,
				D257A30D1B98A9EB003F1E43 /* Supporting Files */,
			);
			path = CardSlideTests;
			sourceTree = "<group>";
		};
		D257A30D1B98A9EB003F1E43 /* Supporting Files */ = {
			isa = PBXGroup;
			children = (
				D257A30E1B98A9EB003F1E43 /* Info.plist */,
			);
			name = "Supporting Files";
			sourceTree = "<group>";
		};
		D257A3191B98AA51003F1E43 /* View */ = {
			isa = PBXGroup;
			children = (
				D257A31A1B98AA76003F1E43 /* CardView.h */,
				D257A31B1B98AA76003F1E43 /* CardView.m */,
				D2D0939E1B9C73D100B56937 /* CardView.xib */,
			);
			name = View;
			sourceTree = "<group>";
		};
/* End PBXGroup section */

/* Begin PBXNativeTarget section */
		D257A2EF1B98A9EB003F1E43 /* CardSlide */ = {
			isa = PBXNativeTarget;
			buildConfigurationList = D257A3131B98A9EB003F1E43 /* Build configuration list for PBXNativeTarget "CardSlide" */;
			buildPhases = (
				D257A2EC1B98A9EB003F1E43 /* Sources */,
				D257A2ED1B98A9EB003F1E43 /* Frameworks */,
				D257A2EE1B98A9EB003F1E43 /* Resources */,
			);
			buildRules = (
			);
			dependencies = (
			);
			name = CardSlide;
			productName = CardSlide;
			productReference = D257A2F01B98A9EB003F1E43 /* CardSlide.app */;
			productType = "com.apple.product-type.application";
		};
		D257A3081B98A9EB003F1E43 /* CardSlideTests */ = {
			isa = PBXNativeTarget;
			buildConfigurationList = D257A3161B98A9EB003F1E43 /* Build configuration list for PBXNativeTarget "CardSlideTests" */;
			buildPhases = (
				D257A3051B98A9EB003F1E43 /* Sources */,
				D257A3061B98A9EB003F1E43 /* Frameworks */,
				D257A3071B98A9EB003F1E43 /* Resources */,
			);
			buildRules = (
			);
			dependencies = (
				D257A30B1B98A9EB003F1E43 /* PBXTargetDependency */,
			);
			name = CardSlideTests;
			productName = CardSlideTests;
			productReference = D257A3091B98A9EB003F1E43 /* CardSlideTests.xctest */;
			productType = "com.apple.product-type.bundle.unit-test";
		};
/* End PBXNativeTarget section */

/* Begin PBXProject section */
		D257A2E81B98A9EB003F1E43 /* Project object */ = {
			isa = PBXProject;
			attributes = {
				LastUpgradeCheck = 0640;
				ORGANIZATIONNAME = "Rahul Pant";
				TargetAttributes = {
					D257A2EF1B98A9EB003F1E43 = {
						CreatedOnToolsVersion = 6.4;
					};
					D257A3081B98A9EB003F1E43 = {
						CreatedOnToolsVersion = 6.4;
						TestTargetID = D257A2EF1B98A9EB003F1E43;
					};
				};
			};
			buildConfigurationList = D257A2EB1B98A9EB003F1E43 /* Build configuration list for PBXProject "CardSlide" */;
			compatibilityVersion = "Xcode 3.2";
			developmentRegion = English;
			hasScannedForEncodings = 0;
			knownRegions = (
				en,
				Base,
			);
			mainGroup = D257A2E71B98A9EB003F1E43;
			productRefGroup = D257A2F11B98A9EB003F1E43 /* Products */;
			projectDirPath = "";
			projectRoot = "";
			targets = (
				D257A2EF1B98A9EB003F1E43 /* CardSlide */,
				D257A3081B98A9EB003F1E43 /* CardSlideTests */,
			);
		};
/* End PBXProject section */

/* Begin PBXResourcesBuildPhase section */
		D257A2EE1B98A9EB003F1E43 /* Resources */ = {
			isa = PBXResourcesBuildPhase;
			buildActionMask = 2147483647;
			files = (
				D257A2FF1B98A9EB003F1E43 /* Main.storyboard in Resources */,
				D257A3041B98A9EB003F1E43 /* LaunchScreen.xib in Resources */,
				D2D0939F1B9C73D100B56937 /* CardView.xib in Resources */,
				D257A3011B98A9EB003F1E43 /* Images.xcassets in Resources */,
			);
			runOnlyForDeploymentPostprocessing = 0;
		};
		D257A3071B98A9EB003F1E43 /* Resources */ = {
			isa = PBXResourcesBuildPhase;
			buildActionMask = 2147483647;
			files = (
			);
			runOnlyForDeploymentPostprocessing = 0;
		};
/* End PBXResourcesBuildPhase section */

/* Begin PBXSourcesBuildPhase section */
		D257A2EC1B98A9EB003F1E43 /* Sources */ = {
			isa = PBXSourcesBuildPhase;
			buildActionMask = 2147483647;
			files = (
				D257A2FC1B98A9EB003F1E43 /* ViewController.m in Sources */,
				D257A2F91B98A9EB003F1E43 /* AppDelegate.m in Sources */,
				D257A31C1B98AA76003F1E43 /* CardView.m in Sources */,
				D257A2F61B98A9EB003F1E43 /* main.m in Sources */,
			);
			runOnlyForDeploymentPostprocessing = 0;
		};
		D257A3051B98A9EB003F1E43 /* Sources */ = {
			isa = PBXSourcesBuildPhase;
			buildActionMask = 2147483647;
			files = (
				D257A3101B98A9EB003F1E43 /* CardSlideTests.m in Sources */,
			);
			runOnlyForDeploymentPostprocessing = 0;
		};
/* End PBXSourcesBuildPhase section */

/* Begin PBXTargetDependency section */
		D257A30B1B98A9EB003F1E43 /* PBXTargetDependency */ = {
			isa = PBXTargetDependency;
			target = D257A2EF1B98A9EB003F1E43 /* CardSlide */;
			targetProxy = D257A30A1B98A9EB003F1E43 /* PBXContainerItemProxy */;
		};
/* End PBXTargetDependency section */

/* Begin PBXVariantGroup section */
		D257A2FD1B98A9EB003F1E43 /* Main.storyboard */ = {
			isa = PBXVariantGroup;
			children = (
				D257A2FE1B98A9EB003F1E43 /* Base */,
			);
			name = Main.storyboard;
			sourceTree = "<group>";
		};
		D257A3021B98A9EB003F1E43 /* LaunchScreen.xib */ = {
			isa = PBXVariantGroup;
			children = (
				D257A3031B98A9EB003F1E43 /* Base */,
			);
			name = LaunchScreen.xib;
			sourceTree = "<group>";
		};
/* End PBXVariantGroup section */

/* Begin XCBuildConfiguration section */
		D257A3111B98A9EB003F1E43 /* Debug */ = {
			isa = XCBuildConfiguration;
			buildSettings = {
				ALWAYS_SEARCH_USER_PATHS = NO;
				CLANG_CXX_LANGUAGE_STANDARD = "gnu++0x";
				CLANG_CXX_LIBRARY = "libc++";
				CLANG_ENABLE_MODULES = YES;
				CLANG_ENABLE_OBJC_ARC = YES;
				CLANG_WARN_BOOL_CONVERSION = YES;
				CLANG_WARN_CONSTANT_CONVERSION = YES;
				CLANG_WARN_DIRECT_OBJC_ISA_USAGE = YES_ERROR;
				CLANG_WARN_EMPTY_BODY = YES;
				CLANG_WARN_ENUM_CONVERSION = YES;
				CLANG_WARN_INT_CONVERSION = YES;
				CLANG_WARN_OBJC_ROOT_CLASS = YES_ERROR;
				CLANG_WARN_UNREACHABLE_CODE = YES;
				CLANG_WARN__DUPLICATE_METHOD_MATCH = YES;
				"CODE_SIGN_IDENTITY[sdk=iphoneos*]" = "iPhone Developer";
				COPY_PHASE_STRIP = NO;
				DEBUG_INFORMATION_FORMAT = "dwarf-with-dsym";
				ENABLE_STRICT_OBJC_MSGSEND = YES;
				GCC_C_LANGUAGE_STANDARD = gnu99;
				GCC_DYNAMIC_NO_PIC = NO;
				GCC_NO_COMMON_BLOCKS = YES;
				GCC_OPTIMIZATION_LEVEL = 0;
				GCC_PREPROCESSOR_DEFINITIONS = (
					"DEBUG=1",
					"$(inherited)",
				);
				GCC_SYMBOLS_PRIVATE_EXTERN = NO;
				GCC_WARN_64_TO_32_BIT_CONVERSION = YES;
				GCC_WARN_ABOUT_RETURN_TYPE = YES_ERROR;
				GCC_WARN_UNDECLARED_SELECTOR = YES;
				GCC_WARN_UNINITIALIZED_AUTOS = YES_AGGRESSIVE;
				GCC_WARN_UNUSED_FUNCTION = YES;
				GCC_WARN_UNUSED_VARIABLE = YES;
				IPHONEOS_DEPLOYMENT_TARGET = 8.4;
				MTL_ENABLE_DEBUG_INFO = YES;
				ONLY_ACTIVE_ARCH = YES;
				SDKROOT = iphoneos;
			};
			name = Debug;
		};
		D257A3121B98A9EB003F1E43 /* Release */ = {
			isa = XCBuildConfiguration;
			buildSettings = {
				ALWAYS_SEARCH_USER_PATHS = NO;
				CLANG_CXX_LANGUAGE_STANDARD = "gnu++0x";
				CLANG_CXX_LIBRARY = "libc++";
				CLANG_ENABLE_MODULES = YES;
				CLANG_ENABLE_OBJC_ARC = YES;
				CLANG_WARN_BOOL_CONVERSION = YES;
				CLANG_WARN_CONSTANT_CONVERSION = YES;
				CLANG_WARN_DIRECT_OBJC_ISA_USAGE = YES_ERROR;
				CLANG_WARN_EMPTY_BODY = YES;
				CLANG_WARN_ENUM_CONVERSION = YES;
				CLANG_WARN_INT_CONVERSION = YES;
				CLANG_WARN_OBJC_ROOT_CLASS = YES_ERROR;
				CLANG_WARN_UNREACHABLE_CODE = YES;
				CLANG_WARN__DUPLICATE_METHOD_MATCH = YES;
				"CODE_SIGN_IDENTITY[sdk=iphoneos*]" = "iPhone Developer";
				COPY_PHASE_STRIP = NO;
				DEBUG_INFORMATION_FORMAT = "dwarf-with-dsym";
				ENABLE_NS_ASSERTIONS = NO;
				ENABLE_STRICT_OBJC_MSGSEND = YES;
				GCC_C_LANGUAGE_STANDARD = gnu99;
				GCC_NO_COMMON_BLOCKS = YES;
				GCC_WARN_64_TO_32_BIT_CONVERSION = YES;
				GCC_WARN_ABOUT_RETURN_TYPE = YES_ERROR;
				GCC_WARN_UNDECLARED_SELECTOR = YES;
				GCC_WARN_UNINITIALIZED_AUTOS = YES_AGGRESSIVE;
				GCC_WARN_UNUSED_FUNCTION = YES;
				GCC_WARN_UNUSED_VARIABLE = YES;
				IPHONEOS_DEPLOYMENT_TARGET = 8.4;
				MTL_ENABLE_DEBUG_INFO = NO;
				SDKROOT = iphoneos;
				VALIDATE_PRODUCT = YES;
			};
			name = Release;
		};
		D257A3141B98A9EB003F1E43 /* Debug */ = {
			isa = XCBuildConfiguration;
			buildSettings = {
				ASSETCATALOG_COMPILER_APPICON_NAME = AppIcon;
				INFOPLIST_FILE = CardSlide/Info.plist;
				LD_RUNPATH_SEARCH_PATHS = "$(inherited) @executable_path/Frameworks";
				PRODUCT_NAME = "$(TARGET_NAME)";
			};
			name = Debug;
		};
		D257A3151B98A9EB003F1E43 /* Release */ = {
			isa = XCBuildConfiguration;
			buildSettings = {
				ASSETCATALOG_COMPILER_APPICON_NAME = AppIcon;
				INFOPLIST_FILE = CardSlide/Info.plist;
				LD_RUNPATH_SEARCH_PATHS = "$(inherited) @executable_path/Frameworks";
				PRODUCT_NAME = "$(TARGET_NAME)";
			};
			name = Release;
		};
		D257A3171B98A9EB003F1E43 /* Debug */ = {
			isa = XCBuildConfiguration;
			buildSettings = {
				BUNDLE_LOADER = "$(TEST_HOST)";
				FRAMEWORK_SEARCH_PATHS = (
					"$(SDKROOT)/Developer/Library/Frameworks",
					"$(inherited)",
				);
				GCC_PREPROCESSOR_DEFINITIONS = (
					"DEBUG=1",
					"$(inherited)",
				);
				INFOPLIST_FILE = CardSlideTests/Info.plist;
				LD_RUNPATH_SEARCH_PATHS = "$(inherited) @executable_path/Frameworks @loader_path/Frameworks";
				PRODUCT_NAME = "$(TARGET_NAME)";
				TEST_HOST = "$(BUILT_PRODUCTS_DIR)/CardSlide.app/CardSlide";
			};
			name = Debug;
		};
		D257A3181B98A9EB003F1E43 /* Release */ = {
			isa = XCBuildConfiguration;
			buildSettings = {
				BUNDLE_LOADER = "$(TEST_HOST)";
				FRAMEWORK_SEARCH_PATHS = (
					"$(SDKROOT)/Developer/Library/Frameworks",
					"$(inherited)",
				);
				INFOPLIST_FILE = CardSlideTests/Info.plist;
				LD_RUNPATH_SEARCH_PATHS = "$(inherited) @executable_path/Frameworks @loader_path/Frameworks";
				PRODUCT_NAME = "$(TARGET_NAME)";
				TEST_HOST = "$(BUILT_PRODUCTS_DIR)/CardSlide.app/CardSlide";
			};
			name = Release;
		};
/* End XCBuildConfiguration section */

/* Begin XCConfigurationList section */
		D257A2EB1B98A9EB003F1E43 /* Build configuration list for PBXProject "CardSlide" */ = {
			isa = XCConfigurationList;
			buildConfigurations = (
				D257A3111B98A9EB003F1E43 /* Debug */,
				D257A3121B98A9EB003F1E43 /* Release */,
			);
			defaultConfigurationIsVisible = 0;
			defaultConfigurationName = Release;
		};
		D257A3131B98A9EB003F1E43 /* Build configuration list for PBXNativeTarget "CardSlide" */ = {
			isa = XCConfigurationList;
			buildConfigurations = (
				D257A3141B98A9EB003F1E43 /* Debug */,
				D257A3151B98A9EB003F1E43 /* Release */,
			);
			defaultConfigurationIsVisible = 0;
			defaultConfigurationName = Release;
		};
		D257A3161B98A9EB003F1E43 /* Build configuration list for PBXNativeTarget "CardSlideTests" */ = {
			isa = XCConfigurationList;
			buildConfigurations = (
				D257A3171B98A9EB003F1E43 /* Debug */,
				D257A3181B98A9EB003F1E43 /* Release */,
			);
			defaultConfigurationIsVisible = 0;
			defaultConfigurationName = Release;
		};
/* End XCConfigurationList section */
	};
	rootObject = D257A2E81B98A9EB003F1E43 /* Project object */;
}
